
Microsoft Visual Studio Solution File, Format Version 12.00
# Visual Studio Version 16
VisualStudioVersion = 16.0.32510.428
MinimumVisualStudioVersion = 10.0.40219.1
Project("{FAE04EC0-301F-11D3-BF4B-00C04F79EFBC}") = "WorkingWithDates", "WorkingWithDates\WorkingWithDates.csproj", "{580A9389-D17F-4CD3-B21C-651DF7331B12}"
EndProject
Global
	GlobalSection(SolutionConfigurationPlatforms) = preSolution
		Debug|Any CPU = Debug|Any CPU
		Release|Any CPU = Release|Any CPU
	EndGlobalSection
	GlobalSection(ProjectConfigurationPlatforms) = postSolution
		{580A9389-D17F-4CD3-B21C-651DF7331B12}.Debug|Any CPU.ActiveCfg = Debug|Any CPU
		{580A9389-D17F-4CD3-B21C-651DF7331B12}.Debug|Any CPU.Build.0 = Debug|Any CPU
		{580A9389-D17F-4CD3-B21C-651DF7331B12}.Release|Any CPU.ActiveCfg = Release|Any CPU
		{580A9389-D17F-4CD3-B21C-651DF7331B12}.Release|Any CPU.Build.0 = Release|Any CPU
	EndGlobalSection
	GlobalSection(SolutionProperties) = preSolution
		HideSolutionNode = FALSE
	EndGlobalSection
	GlobalSection(ExtensibilityGlobals) = postSolution
		SolutionGuid = {EE7CDA14-5B61-42DB-8723-2B3053AE81FA}
	EndGlobalSection
EndGlobal
