
Microsoft Visual Studio Solution File, Format Version 12.00
# Visual Studio Version 16
VisualStudioVersion = 16.0.32510.428
MinimumVisualStudioVersion = 10.0.40219.1
Project("{FAE04EC0-301F-11D3-BF4B-00C04F79EFBC}") = "ArraysWorking", "ArraysWorking\ArraysWorking.csproj", "{FABF2B56-8CA6-4398-B09E-992172B4BCB7}"
EndProject
Global
	GlobalSection(SolutionConfigurationPlatforms) = preSolution
		Debug|Any CPU = Debug|Any CPU
		Release|Any CPU = Release|Any CPU
	EndGlobalSection
	GlobalSection(ProjectConfigurationPlatforms) = postSolution
		{FABF2B56-8CA6-4398-B09E-992172B4BCB7}.Debug|Any CPU.ActiveCfg = Debug|Any CPU
		{FABF2B56-8CA6-4398-B09E-992172B4BCB7}.Debug|Any CPU.Build.0 = Debug|Any CPU
		{FABF2B56-8CA6-4398-B09E-992172B4BCB7}.Release|Any CPU.ActiveCfg = Release|Any CPU
		{FABF2B56-8CA6-4398-B09E-992172B4BCB7}.Release|Any CPU.Build.0 = Release|Any CPU
	EndGlobalSection
	GlobalSection(SolutionProperties) = preSolution
		HideSolutionNode = FALSE
	EndGlobalSection
	GlobalSection(ExtensibilityGlobals) = postSolution
		SolutionGuid = {867DF1C7-725D-4DAE-A766-58F8CD5C503A}
	EndGlobalSection
EndGlobal
