
Microsoft Visual Studio Solution File, Format Version 12.00
# Visual Studio Version 16
VisualStudioVersion = 16.0.32510.428
MinimumVisualStudioVersion = 10.0.40219.1
Project("{FAE04EC0-301F-11D3-BF4B-00C04F79EFBC}") = "RandomSearch", "RandomSearch\RandomSearch.csproj", "{9E833C0B-454B-4C44-846E-664B9E99CF3A}"
EndProject
Global
	GlobalSection(SolutionConfigurationPlatforms) = preSolution
		Debug|Any CPU = Debug|Any CPU
		Release|Any CPU = Release|Any CPU
	EndGlobalSection
	GlobalSection(ProjectConfigurationPlatforms) = postSolution
		{9E833C0B-454B-4C44-846E-664B9E99CF3A}.Debug|Any CPU.ActiveCfg = Debug|Any CPU
		{9E833C0B-454B-4C44-846E-664B9E99CF3A}.Debug|Any CPU.Build.0 = Debug|Any CPU
		{9E833C0B-454B-4C44-846E-664B9E99CF3A}.Release|Any CPU.ActiveCfg = Release|Any CPU
		{9E833C0B-454B-4C44-846E-664B9E99CF3A}.Release|Any CPU.Build.0 = Release|Any CPU
	EndGlobalSection
	GlobalSection(SolutionProperties) = preSolution
		HideSolutionNode = FALSE
	EndGlobalSection
	GlobalSection(ExtensibilityGlobals) = postSolution
		SolutionGuid = {7E2C33F0-C28D-48F1-A879-440FF16D117A}
	EndGlobalSection
EndGlobal
